
Microsoft Visual Studio Solution File, Format Version 12.00
# Visual Studio Version 16
VisualStudioVersion = 16.0.30011.22
MinimumVisualStudioVersion = 10.0.40219.1
Project("{FAE04EC0-301F-11D3-BF4B-00C04F79EFBC}") = "Recruiting_API", "Recruiting_API.csproj", "{789A6B94-716B-451A-ACEB-359C8CEF05B8}"
EndProject
Global
	GlobalSection(SolutionConfigurationPlatforms) = preSolution
		Debug|Any CPU = Debug|Any CPU
		Release|Any CPU = Release|Any CPU
	EndGlobalSection
	GlobalSection(ProjectConfigurationPlatforms) = postSolution
		{789A6B94-716B-451A-ACEB-359C8CEF05B8}.Debug|Any CPU.ActiveCfg = Debug|Any CPU
		{789A6B94-716B-451A-ACEB-359C8CEF05B8}.Debug|Any CPU.Build.0 = Debug|Any CPU
		{789A6B94-716B-451A-ACEB-359C8CEF05B8}.Release|Any CPU.ActiveCfg = Release|Any CPU
		{789A6B94-716B-451A-ACEB-359C8CEF05B8}.Release|Any CPU.Build.0 = Release|Any CPU
	EndGlobalSection
	GlobalSection(SolutionProperties) = preSolution
		HideSolutionNode = FALSE
	EndGlobalSection
	GlobalSection(ExtensibilityGlobals) = postSolution
		SolutionGuid = {7FD05458-1049-4951-9DCD-1F093E0F74EF}
	EndGlobalSection
EndGlobal
